# This file is automatically @generated by Cargo.
# It is not intended for manual editing.
version = 4

[[package]]
name = "via-adapters"
version = "0.1.0"
dependencies = [
 "via-routes",
]

[[package]]
name = "via-cli"
version = "0.1.0"
dependencies = [
 "via-core",
]

[[package]]
name = "via-core"
version = "0.1.0"
dependencies = [
 "via-adapters",
 "via-store",
]

[[package]]
name = "via-host"
version = "0.1.0"
dependencies = [
 "via-store",
]

[[package]]
name = "via-routes"
version = "0.1.0"
dependencies = [
 "via-wire",
]

[[package]]
name = "via-store"
version = "0.1.0"

[[package]]
name = "via-wire"
version = "0.1.0"
dependencies = [
 "via-host",
 "via-store",
]
